{
  "name": "gulf-price-intelligence",
  "version": "2.0.0",
  "lockfileVersion": 3,
  "requires": true,
  "packages": {}
}
```

5. Click **Commit new file**

---

**Then fix the workflow to use `npm install` instead of `npm ci`:**

1. In your repo, click on the `.github` folder → `workflows` → `scrape.yml`
2. Click the **pencil icon** (Edit) on the right
3. Find this line:
```
run: npm ci
```
4. Change it to:
```
run: npm install
